{
  "version": 4,
  "terraform_version": "0.12.29",
  "serial": 4,
  "lineage": "cf4d71f7-499c-b208-565d-8ee3d0e3e99f",
  "outputs": {
    "admin_password": {
      "value": "GpGwBZ3vuAFsNhmwBwt1Bq8L=QpD0yfZ",
      "type": "string",
      "sensitive": true
    }
  },
  "resources": [
    {
      "mode": "managed",
      "type": "azurerm_container_registry",
      "name": "acr",
      "provider": "provider.azurerm",
      "instances": [
        {
          "schema_version": 2,
          "attributes": {
            "admin_enabled": true,
            "admin_password": "GpGwBZ3vuAFsNhmwBwt1Bq8L=QpD0yfZ",
            "admin_username": "myacrrepo456",
            "georeplication_locations": null,
            "id": "/subscriptions/869080e8-f18e-4ae9-bcb7-f43089c75784/resourceGroups/rg-tf-acr/providers/Microsoft.ContainerRegistry/registries/myacrrepo456",
            "location": "southcentralus",
            "login_server": "myacrrepo456.azurecr.io",
            "name": "myacrrepo456",
            "network_rule_set": [],
            "public_network_access_enabled": true,
            "quarantine_policy_enabled": false,
            "resource_group_name": "rg-tf-acr",
            "retention_policy": [
              {
                "days": 7,
                "enabled": false
              }
            ],
            "sku": "Basic",
            "storage_account_id": null,
            "tags": null,
            "timeouts": null,
            "trust_policy": [
              {
                "enabled": false
              }
            ]
          },
          "private": "eyJlMmJmYjczMC1lY2FhLTExZTYtOGY4OC0zNDM2M2JjN2M0YzAiOnsiY3JlYXRlIjoxODAwMDAwMDAwMDAwLCJkZWxldGUiOjE4MDAwMDAwMDAwMDAsInJlYWQiOjMwMDAwMDAwMDAwMCwidXBkYXRlIjoxODAwMDAwMDAwMDAwfSwic2NoZW1hX3ZlcnNpb24iOiIyIn0=",
          "dependencies": [
            "azurerm_resource_group.rg"
          ]
        }
      ]
    },
    {
      "mode": "managed",
      "type": "azurerm_resource_group",
      "name": "rg",
      "provider": "provider.azurerm",
      "instances": [
        {
          "schema_version": 0,
          "attributes": {
            "id": "/subscriptions/869080e8-f18e-4ae9-bcb7-f43089c75784/resourceGroups/rg-tf-acr",
            "location": "southcentralus",
            "name": "rg-tf-acr",
            "tags": {},
            "timeouts": null
          },
          "private": "eyJlMmJmYjczMC1lY2FhLTExZTYtOGY4OC0zNDM2M2JjN2M0YzAiOnsiY3JlYXRlIjo1NDAwMDAwMDAwMDAwLCJkZWxldGUiOjU0MDAwMDAwMDAwMDAsInJlYWQiOjMwMDAwMDAwMDAwMCwidXBkYXRlIjo1NDAwMDAwMDAwMDAwfX0="
        }
      ]
    }
  ]
}
